
Microsoft Visual Studio Solution File, Format Version 12.00
# Visual Studio 15
VisualStudioVersion = 15.0.28307.168
MinimumVisualStudioVersion = 10.0.40219.1
Project("{FAE04EC0-301F-11D3-BF4B-00C04F79EFBC}") = "Meds", "Meds\Meds.csproj", "{C79EAFC4-B532-4DB8-A7F8-097C82C03784}"
EndProject
Global
	GlobalSection(SolutionConfigurationPlatforms) = preSolution
		Debug|Any CPU = Debug|Any CPU
		Release|Any CPU = Release|Any CPU
	EndGlobalSection
	GlobalSection(ProjectConfigurationPlatforms) = postSolution
		{C79EAFC4-B532-4DB8-A7F8-097C82C03784}.Debug|Any CPU.ActiveCfg = Debug|Any CPU
		{C79EAFC4-B532-4DB8-A7F8-097C82C03784}.Debug|Any CPU.Build.0 = Debug|Any CPU
		{C79EAFC4-B532-4DB8-A7F8-097C82C03784}.Release|Any CPU.ActiveCfg = Release|Any CPU
		{C79EAFC4-B532-4DB8-A7F8-097C82C03784}.Release|Any CPU.Build.0 = Release|Any CPU
	EndGlobalSection
	GlobalSection(SolutionProperties) = preSolution
		HideSolutionNode = FALSE
	EndGlobalSection
	GlobalSection(ExtensibilityGlobals) = postSolution
		SolutionGuid = {D6AB40F5-987E-43C6-866F-AD0D7CD20210}
	EndGlobalSection
EndGlobal
