
Microsoft Visual Studio Solution File, Format Version 12.00
# Visual Studio 15
VisualStudioVersion = 15.0.28307.168
MinimumVisualStudioVersion = 10.0.40219.1
Project("{FAE04EC0-301F-11D3-BF4B-00C04F79EFBC}") = "EinSpielFürFloUndMir", "EinSpielFürFloUndMir\EinSpielFürFloUndMir.csproj", "{B6FEBA66-655A-4AC2-8190-50DE89E39C45}"
EndProject
Global
	GlobalSection(SolutionConfigurationPlatforms) = preSolution
		Debug|Any CPU = Debug|Any CPU
		Release|Any CPU = Release|Any CPU
	EndGlobalSection
	GlobalSection(ProjectConfigurationPlatforms) = postSolution
		{B6FEBA66-655A-4AC2-8190-50DE89E39C45}.Debug|Any CPU.ActiveCfg = Debug|Any CPU
		{B6FEBA66-655A-4AC2-8190-50DE89E39C45}.Debug|Any CPU.Build.0 = Debug|Any CPU
		{B6FEBA66-655A-4AC2-8190-50DE89E39C45}.Release|Any CPU.ActiveCfg = Release|Any CPU
		{B6FEBA66-655A-4AC2-8190-50DE89E39C45}.Release|Any CPU.Build.0 = Release|Any CPU
	EndGlobalSection
	GlobalSection(SolutionProperties) = preSolution
		HideSolutionNode = FALSE
	EndGlobalSection
	GlobalSection(ExtensibilityGlobals) = postSolution
		SolutionGuid = {C93A4A46-CB14-4D4C-ABF4-2A09EDAECBE3}
	EndGlobalSection
EndGlobal
